# THIS IS AN AUTOGENERATED FILE. DO NOT EDIT THIS FILE DIRECTLY.
# yarn lockfile v1


"@esbuild/android-arm@0.15.11":
  version "0.15.11"
  resolved "https://registry.yarnpkg.com/@esbuild/android-arm/-/android-arm-0.15.11.tgz#bdd9c3e098183bdca97075aa4c3e0152ed3e10ee"
  integrity sha512-PzMcQLazLBkwDEkrNPi9AbjFt6+3I7HKbiYF2XtWQ7wItrHvEOeO3T8Am434zAozWtVP7lrTue1bEfc2nYWeCA==

"@esbuild/linux-loong64@0.15.11":
  version "0.15.11"
  resolved "https://registry.yarnpkg.com/@esbuild/linux-loong64/-/linux-loong64-0.15.11.tgz#2f4f9a1083dcb4fc65233b6f59003c406abf32e5"
  integrity sha512-geWp637tUhNmhL3Xgy4Bj703yXB9dqiLJe05lCUfjSFDrQf9C/8pArusyPUbUbPwlC/EAUjBw32sxuIl/11dZw==

"@lit/reactive-element@^1.3.0", "@lit/reactive-element@^1.4.0":
  version "1.4.1"
  resolved "https://registry.yarnpkg.com/@lit/reactive-element/-/reactive-element-1.4.1.tgz#3f587eec5708692135bc9e94cf396130604979f3"
  integrity sha512-qDv4851VFSaBWzpS02cXHclo40jsbAjRXnebNXpm0uVg32kCneZPo9RYVQtrTNICtZ+1wAYHu1ZtxWSWMbKrBw==

"@open-wc/dedupe-mixin@^1.3.0":
  version "1.3.1"
  resolved "https://registry.yarnpkg.com/@open-wc/dedupe-mixin/-/dedupe-mixin-1.3.1.tgz#5c1a1eeb0386b344290ebe3f1fca0c4869933dbf"
  integrity sha512-ukowSvzpZQDUH0Y3znJTsY88HkiGk3Khc0WGpIPhap1xlerieYi27QBg6wx/nTurpWfU6XXXsx9ocxDYCdtw0Q==

"@polymer/iron-flex-layout@^3.0.0-pre.26":
  version "3.0.1"
  resolved "https://registry.yarnpkg.com/@polymer/iron-flex-layout/-/iron-flex-layout-3.0.1.tgz#36f9e1a8eb792d279b2bc75d362628721ad37f0c"
  integrity sha512-7gB869czArF+HZcPTVSgvA7tXYFze9EKckvM95NB7SqYF+NnsQyhoXgKnpFwGyo95lUjUW9TFDLUwDXnCYFtkw==
  dependencies:
    "@polymer/polymer" "^3.0.0"

"@polymer/iron-icon@^3.0.0":
  version "3.0.1"
  resolved "https://registry.yarnpkg.com/@polymer/iron-icon/-/iron-icon-3.0.1.tgz#93211c39d8825fe4965a68419566036c1df291eb"
  integrity sha512-QLPwirk+UPZNaLnMew9VludXA4CWUCenRewgEcGYwdzVgDPCDbXxy6vRJjmweZobMQv/oVLppT2JZtJFnPxX6g==
  dependencies:
    "@polymer/iron-flex-layout" "^3.0.0-pre.26"
    "@polymer/iron-meta" "^3.0.0-pre.26"
    "@polymer/polymer" "^3.0.0"

"@polymer/iron-iconset-svg@^3.0.0":
  version "3.0.1"
  resolved "https://registry.yarnpkg.com/@polymer/iron-iconset-svg/-/iron-iconset-svg-3.0.1.tgz#568d6e7dbc120299dae63be3600aeba0d30ddbea"
  integrity sha512-XNwURbNHRw6u2fJe05O5fMYye6GSgDlDqCO+q6K1zAnKIrpgZwf2vTkBd5uCcZwsN0FyCB3mvNZx4jkh85dRDw==
  dependencies:
    "@polymer/iron-meta" "^3.0.0-pre.26"
    "@polymer/polymer" "^3.0.0"

"@polymer/iron-meta@^3.0.0-pre.26":
  version "3.0.1"
  resolved "https://registry.yarnpkg.com/@polymer/iron-meta/-/iron-meta-3.0.1.tgz#7f140628d127b0a284f882f1bb323a261bc125f5"
  integrity sha512-pWguPugiLYmWFV9UWxLWzZ6gm4wBwQdDy4VULKwdHCqR7OP7u98h+XDdGZsSlDPv6qoryV/e3tGHlTIT0mbzJA==
  dependencies:
    "@polymer/polymer" "^3.0.0"

"@polymer/polymer@^3.0.0":
  version "3.5.1"
  resolved "https://registry.yarnpkg.com/@polymer/polymer/-/polymer-3.5.1.tgz#4b5234e43b8876441022bcb91313ab3c4a29f0c8"
  integrity sha512-JlAHuy+1qIC6hL1ojEUfIVD58fzTpJAoCxFwV5yr0mYTXV1H8bz5zy0+rC963Cgr9iNXQ4T9ncSjC2fkF9BQfw==
  dependencies:
    "@webcomponents/shadycss" "^1.9.1"

"@types/showdown@^2.0.0":
  version "2.0.0"
  resolved "https://registry.yarnpkg.com/@types/showdown/-/showdown-2.0.0.tgz#3e800eca8573848cac4e5555f4377ba3a0e7b1f2"
  integrity sha512-70xBJoLv+oXjB5PhtA8vo7erjLDp9/qqI63SRHm4REKrwuPOLs8HhXwlZJBJaB4kC18cCZ1UUZ6Fb/PLFW4TCA==

"@types/trusted-types@^2.0.2":
  version "2.0.2"
  resolved "https://registry.yarnpkg.com/@types/trusted-types/-/trusted-types-2.0.2.tgz#fc25ad9943bcac11cceb8168db4f275e0e72e756"
  integrity sha512-F5DIZ36YVLE+PN+Zwws4kJogq47hNgX3Nx6WyDJ3kcplxyke3XIzB8uK5n/Lpm1HBsbGzd6nmGehL8cPekP+Tg==

"@vaadin/checkbox@~23.2.5":
  version "23.2.5"
  resolved "https://registry.yarnpkg.com/@vaadin/checkbox/-/checkbox-23.2.5.tgz#9841592d98a045420920bd1812569e2a3124c40f"
  integrity sha512-Q1RE7YhfJoeeAWP+QieR8FSJbixi78kVpcULroucRAGxdZAdYn7Da16f23W3UJkHl4jtHAbNyEsjTbhzYXI5gQ==
  dependencies:
    "@polymer/polymer" "^3.0.0"
    "@vaadin/component-base" "~23.2.5"
    "@vaadin/field-base" "~23.2.5"
    "@vaadin/vaadin-lumo-styles" "~23.2.5"
    "@vaadin/vaadin-material-styles" "~23.2.5"
    "@vaadin/vaadin-themable-mixin" "~23.2.5"

"@vaadin/component-base@~23.2.5":
  version "23.2.5"
  resolved "https://registry.yarnpkg.com/@vaadin/component-base/-/component-base-23.2.5.tgz#5806cdec879663077aa3f698f9502ef2787d55ab"
  integrity sha512-x61GJcbFPtb7Dj/uefotRzPvTnFxXjNRo6RByKSDLK0s4+1L2vKEC/BLJgIYMtHAlkNST5jSEGxXByVBcg0Gcw==
  dependencies:
    "@open-wc/dedupe-mixin" "^1.3.0"
    "@polymer/polymer" "^3.0.0"
    "@vaadin/vaadin-development-mode-detector" "^2.0.0"
    "@vaadin/vaadin-usage-statistics" "^2.1.0"
    lit "^2.0.0"

"@vaadin/field-base@~23.2.5":
  version "23.2.5"
  resolved "https://registry.yarnpkg.com/@vaadin/field-base/-/field-base-23.2.5.tgz#4130f29b507ca4c31f131e50cdf47e6463c6a2b0"
  integrity sha512-mBn7XF0E+xLxzwQTtzHrXx9yafpA3cGgekfgItYQ3XIi4fkrdiq+2CjzguFBhGkJiBKzze4Sp4Fe5I8+o5VeGw==
  dependencies:
    "@open-wc/dedupe-mixin" "^1.3.0"
    "@polymer/polymer" "^3.0.0"
    "@vaadin/component-base" "~23.2.5"
    lit "^2.0.0"

"@vaadin/form-layout@^23.2.3":
  version "23.2.5"
  resolved "https://registry.yarnpkg.com/@vaadin/form-layout/-/form-layout-23.2.5.tgz#a0ba2d77a37b81e6d4ef438b68d5c98cde4281b8"
  integrity sha512-yIUj0/rgsZ7pTVi/GvtyqTqf+wivoTj8rHbCjgy9+bK1Z10MWO/WHKYIUkvE8heM/O1ccFOkMGNIgZLIECr3sw==
  dependencies:
    "@polymer/polymer" "^3.0.0"
    "@vaadin/component-base" "~23.2.5"
    "@vaadin/vaadin-lumo-styles" "~23.2.5"
    "@vaadin/vaadin-material-styles" "~23.2.5"
    "@vaadin/vaadin-themable-mixin" "~23.2.5"

"@vaadin/grid@^23.2.2":
  version "23.2.5"
  resolved "https://registry.yarnpkg.com/@vaadin/grid/-/grid-23.2.5.tgz#6c9e3fdfdcea2436a48cbe4a9423a02fec43b1f2"
  integrity sha512-VwWK5DUNxKoUftf5TT6J+ui6TZUyr9UCv8gHUVt87ikuAz2D+1xFyvOSTk92AHzGbsEl9ZDRNOPfgsMVM99mrg==
  dependencies:
    "@open-wc/dedupe-mixin" "^1.3.0"
    "@polymer/polymer" "^3.0.0"
    "@vaadin/checkbox" "~23.2.5"
    "@vaadin/component-base" "~23.2.5"
    "@vaadin/lit-renderer" "~23.2.5"
    "@vaadin/text-field" "~23.2.5"
    "@vaadin/vaadin-lumo-styles" "~23.2.5"
    "@vaadin/vaadin-material-styles" "~23.2.5"
    "@vaadin/vaadin-themable-mixin" "~23.2.5"

"@vaadin/icon@~23.2.5":
  version "23.2.5"
  resolved "https://registry.yarnpkg.com/@vaadin/icon/-/icon-23.2.5.tgz#a1a01457113ce1f89c3ec6ea3f03c91a67df1ee7"
  integrity sha512-KoOGTSVq4WSI1Ly9NxWO7UFj60ap9sdqwqOrx1AT2Sh28slq3C8qTx0hA5ohAIlurFGptrqDRMIGBBURaSk53A==
  dependencies:
    "@polymer/polymer" "^3.0.0"
    "@vaadin/component-base" "~23.2.5"
    "@vaadin/vaadin-lumo-styles" "~23.2.5"
    "@vaadin/vaadin-themable-mixin" "~23.2.5"
    lit "^2.0.0"

"@vaadin/input-container@~23.2.5":
  version "23.2.5"
  resolved "https://registry.yarnpkg.com/@vaadin/input-container/-/input-container-23.2.5.tgz#4a2f3e89f07cfa544849e46a59e4b686283f17f8"
  integrity sha512-7U5g6JRTfWWQBPWCI6dADWe8JCb+cGPskgnZA6SJn1quCXd3kHNMdhm10C8VKv0SCRku/qRHsQ0QbgDhk0vytA==
  dependencies:
    "@polymer/polymer" "^3.0.0"
    "@vaadin/component-base" "~23.2.5"
    "@vaadin/vaadin-lumo-styles" "~23.2.5"
    "@vaadin/vaadin-material-styles" "~23.2.5"
    "@vaadin/vaadin-themable-mixin" "~23.2.5"

"@vaadin/lit-renderer@~23.2.5":
  version "23.2.5"
  resolved "https://registry.yarnpkg.com/@vaadin/lit-renderer/-/lit-renderer-23.2.5.tgz#c4a60e9aac5b0dd0bdfb4d33e2cc392506c445d8"
  integrity sha512-Wm2WAMHS3nvYervAVs4Sbu/PBbVqB73E/CXOhUd3Oo3zb9Mrl5rkXZBMtlVhpkwYE7ZU2swSuBdHDg+X9l2YpQ==
  dependencies:
    lit "^2.0.0"

"@vaadin/text-field@^23.2.3", "@vaadin/text-field@~23.2.5":
  version "23.2.5"
  resolved "https://registry.yarnpkg.com/@vaadin/text-field/-/text-field-23.2.5.tgz#b5730ae91f559f0412795a3a64a12c562fc0021b"
  integrity sha512-YQOMhlli5LzkKPLef4KvqlhVLH451fIpaEE0qY2cGDRnrlbY252XOEEZlZmpTT5YJxENsl5n2TZvo3N4VG1qjQ==
  dependencies:
    "@polymer/polymer" "^3.0.0"
    "@vaadin/component-base" "~23.2.5"
    "@vaadin/field-base" "~23.2.5"
    "@vaadin/input-container" "~23.2.5"
    "@vaadin/vaadin-lumo-styles" "~23.2.5"
    "@vaadin/vaadin-material-styles" "~23.2.5"
    "@vaadin/vaadin-themable-mixin" "~23.2.5"

"@vaadin/vaadin-development-mode-detector@^2.0.0":
  version "2.0.5"
  resolved "https://registry.yarnpkg.com/@vaadin/vaadin-development-mode-detector/-/vaadin-development-mode-detector-2.0.5.tgz#5098216dae30d8eeabe46c7cbe494a352fe09691"
  integrity sha512-miirBQw10UHjKwRv29iZniXCo41cLg3wFotoyTeUZ2PTGIDk/fZVFr4Q4WVKZrp3D15878vz94nNQROSmPLjdg==

"@vaadin/vaadin-lumo-styles@~23.2.5":
  version "23.2.5"
  resolved "https://registry.yarnpkg.com/@vaadin/vaadin-lumo-styles/-/vaadin-lumo-styles-23.2.5.tgz#97e8b7c2cab13a9ac725a1899c446a04ffee503b"
  integrity sha512-cCVzUI0vaW5wASfd7JQkFilZ4OUIHc+ktQWRbkDTzmEJ/Bf9beGG9WnX30G0qUFva/UQXxjfOo3ClTEfNiBBvQ==
  dependencies:
    "@polymer/iron-icon" "^3.0.0"
    "@polymer/iron-iconset-svg" "^3.0.0"
    "@polymer/polymer" "^3.0.0"
    "@vaadin/icon" "~23.2.5"
    "@vaadin/vaadin-themable-mixin" "~23.2.5"

"@vaadin/vaadin-material-styles@~23.2.5":
  version "23.2.5"
  resolved "https://registry.yarnpkg.com/@vaadin/vaadin-material-styles/-/vaadin-material-styles-23.2.5.tgz#a7964ab67d0571a4e13b9c17cbac601b879a8d1d"
  integrity sha512-AxSw14/kfX3gDOg6bGJfdDcbWuEcQZ2XMdsiQACX3K6fSnq4/C7ir+8F7ZuSrBB7qv50mMQJFxfaYvjf7D4PPA==
  dependencies:
    "@polymer/polymer" "^3.0.0"
    "@vaadin/vaadin-themable-mixin" "~23.2.5"

"@vaadin/vaadin-themable-mixin@~23.2.5":
  version "23.2.5"
  resolved "https://registry.yarnpkg.com/@vaadin/vaadin-themable-mixin/-/vaadin-themable-mixin-23.2.5.tgz#4aa1161edb335874856d7a4139ea9668cdef72cd"
  integrity sha512-3cHrW4jc2wkOWEy7AwxI01lrT46557uJqnuXz2NxmaeuAq9TGX8gDRDr0SR0r/MDT4ZlKlY/flRtPB9IYMBDFQ==
  dependencies:
    "@open-wc/dedupe-mixin" "^1.3.0"
    lit "^2.0.0"

"@vaadin/vaadin-usage-statistics@^2.1.0":
  version "2.1.2"
  resolved "https://registry.yarnpkg.com/@vaadin/vaadin-usage-statistics/-/vaadin-usage-statistics-2.1.2.tgz#a0a211b298e647742b60c6d4d1d8834381e3c77f"
  integrity sha512-xKs1PvRfTXsG0eWWcImLXWjv7D+f1vfoIvovppv6pZ5QX8xgcxWUdNgERlOOdGt3CTuxQXukTBW3+Qfva+OXSg==
  dependencies:
    "@vaadin/vaadin-development-mode-detector" "^2.0.0"

"@vaadin/vertical-layout@^23.2.2":
  version "23.2.5"
  resolved "https://registry.yarnpkg.com/@vaadin/vertical-layout/-/vertical-layout-23.2.5.tgz#c9ea1fc972fdb641e5c2a7376f527d1c1d21ff5a"
  integrity sha512-1+8U8SUPFLrsp4nqtzTeDpNrAvqAkCPBXirmVR00hm/9p2QEQP737F0369pkSfrCmMKIB1jv2JpBdnd4HuT9DA==
  dependencies:
    "@polymer/polymer" "^3.0.0"
    "@vaadin/component-base" "~23.2.5"
    "@vaadin/vaadin-lumo-styles" "~23.2.5"
    "@vaadin/vaadin-material-styles" "~23.2.5"
    "@vaadin/vaadin-themable-mixin" "~23.2.5"

"@webcomponents/shadycss@^1.9.1":
  version "1.11.0"
  resolved "https://registry.yarnpkg.com/@webcomponents/shadycss/-/shadycss-1.11.0.tgz#73e289996c002d8be694cd3be0e83c46ad25e7e0"
  integrity sha512-L5O/+UPum8erOleNjKq6k58GVl3fNsEQdSOyh0EUhNmi7tHUyRuCJy1uqJiWydWcLARE5IPsMoPYMZmUGrz1JA==

commander@^9.0.0:
  version "9.4.1"
  resolved "https://registry.yarnpkg.com/commander/-/commander-9.4.1.tgz#d1dd8f2ce6faf93147295c0df13c7c21141cfbdd"
  integrity sha512-5EEkTNyHNGFPD2H+c/dXXfQZYa/scCKasxWcXJaWnNJ99pnQN9Vnmqow+p+PlFPE63Q6mThaZws1T+HxfpgtPw==

esbuild-android-64@0.15.11:
  version "0.15.11"
  resolved "https://registry.yarnpkg.com/esbuild-android-64/-/esbuild-android-64-0.15.11.tgz#50402129c3e85bb06434e212374c5f693e4c5f01"
  integrity sha512-rrwoXEiuI1kaw4k475NJpexs8GfJqQUKcD08VR8sKHmuW9RUuTR2VxcupVvHdiGh9ihxL9m3lpqB1kju92Ialw==

esbuild-android-arm64@0.15.11:
  version "0.15.11"
  resolved "https://registry.yarnpkg.com/esbuild-android-arm64/-/esbuild-android-arm64-0.15.11.tgz#49bee35218ea2ccf1a0c5f187af77c1c0a5dee71"
  integrity sha512-/hDubOg7BHOhUUsT8KUIU7GfZm5bihqssvqK5PfO4apag7YuObZRZSzViyEKcFn2tPeHx7RKbSBXvAopSHDZJQ==

esbuild-darwin-64@0.15.11:
  version "0.15.11"
  resolved "https://registry.yarnpkg.com/esbuild-darwin-64/-/esbuild-darwin-64-0.15.11.tgz#89a90c8cf6f0029ac4169bfedd012a0412c1575f"
  integrity sha512-1DqHD0ms3AhiwkKnjRUzmiW7JnaJJr5FKrPiR7xuyMwnjDqvNWDdMq4rKSD9OC0piFNK6n0LghsglNMe2MwJtA==

esbuild-darwin-arm64@0.15.11:
  version "0.15.11"
  resolved "https://registry.yarnpkg.com/esbuild-darwin-arm64/-/esbuild-darwin-arm64-0.15.11.tgz#556f4385c6de806cc81132dd7b8af00fe9d292df"
  integrity sha512-OMzhxSbS0lwwrW40HHjRCeVIJTURdXFA8c3GU30MlHKuPCcvWNUIKVucVBtNpJySXmbkQMDJdJNrXzNDyvoqvQ==

esbuild-freebsd-64@0.15.11:
  version "0.15.11"
  resolved "https://registry.yarnpkg.com/esbuild-freebsd-64/-/esbuild-freebsd-64-0.15.11.tgz#fd86fd1b3b65366048f35b996d9cdf3547384eee"
  integrity sha512-8dKP26r0/Qyez8nTCwpq60QbuYKOeBygdgOAWGCRalunyeqWRoSZj9TQjPDnTTI9joxd3QYw3UhVZTKxO9QdRg==

esbuild-freebsd-arm64@0.15.11:
  version "0.15.11"
  resolved "https://registry.yarnpkg.com/esbuild-freebsd-arm64/-/esbuild-freebsd-arm64-0.15.11.tgz#d346bcacfe9779ebc1a11edac1bdedeff6dda3b1"
  integrity sha512-aSGiODiukLGGnSg/O9+cGO2QxEacrdCtCawehkWYTt5VX1ni2b9KoxpHCT9h9Y6wGqNHmXFnB47RRJ8BIqZgmQ==

esbuild-linux-32@0.15.11:
  version "0.15.11"
  resolved "https://registry.yarnpkg.com/esbuild-linux-32/-/esbuild-linux-32-0.15.11.tgz#64b50e774bf75af7dcc6a73ad509f2eb0ac4487b"
  integrity sha512-lsrAfdyJBGx+6aHIQmgqUonEzKYeBnyfJPkT6N2dOf1RoXYYV1BkWB6G02tjsrz1d5wZzaTc3cF+TKmuTo/ZwA==

esbuild-linux-64@0.15.11:
  version "0.15.11"
  resolved "https://registry.yarnpkg.com/esbuild-linux-64/-/esbuild-linux-64-0.15.11.tgz#fba3a78b95769772863f8f6dc316abca55cf8416"
  integrity sha512-Y2Rh+PcyVhQqXKBTacPCltINN3uIw2xC+dsvLANJ1SpK5NJUtxv8+rqWpjmBgaNWKQT1/uGpMmA9olALy9PLVA==

esbuild-linux-arm64@0.15.11:
  version "0.15.11"
  resolved "https://registry.yarnpkg.com/esbuild-linux-arm64/-/esbuild-linux-arm64-0.15.11.tgz#c0cb31980eee066bfd39a4593660a0ecebe926cb"
  integrity sha512-uhcXiTwTmD4OpxJu3xC5TzAAw6Wzf9O1XGWL448EE9bqGjgV1j+oK3lIHAfsHnuIn8K4nDW8yjX0Sv5S++oRuw==

esbuild-linux-arm@0.15.11:
  version "0.15.11"
  resolved "https://registry.yarnpkg.com/esbuild-linux-arm/-/esbuild-linux-arm-0.15.11.tgz#7824d20099977aa671016c7de7a5038c9870010f"
  integrity sha512-TJllTVk5aSyqPFvvcHTvf6Wu1ZKhWpJ/qNmZO8LL/XeB+LXCclm7HQHNEIz6MT7IX8PmlC1BZYrOiw2sXSB95A==

esbuild-linux-mips64le@0.15.11:
  version "0.15.11"
  resolved "https://registry.yarnpkg.com/esbuild-linux-mips64le/-/esbuild-linux-mips64le-0.15.11.tgz#10627331c90164e553429ed25e025184bba485b6"
  integrity sha512-WD61y/R1M4BLe4gxXRypoQ0Ci+Vjf714QYzcPNkiYv5I8K8WDz2ZR8Bm6cqKxd6rD+e/rZgPDbhQ9PCf7TMHmA==

esbuild-linux-ppc64le@0.15.11:
  version "0.15.11"
  resolved "https://registry.yarnpkg.com/esbuild-linux-ppc64le/-/esbuild-linux-ppc64le-0.15.11.tgz#be42679a36a5246b893fc8b898135ebacb5a0a14"
  integrity sha512-JVleZS9oPVLTlBhPTWgOwxFWU/wMUdlBwTbGA4GF8c38sLbS13cupj+C8bLq929jU7EMWry4SaL+tKGIaTlqKg==

esbuild-linux-riscv64@0.15.11:
  version "0.15.11"
  resolved "https://registry.yarnpkg.com/esbuild-linux-riscv64/-/esbuild-linux-riscv64-0.15.11.tgz#3ac2f328e3db73cbff833ada94314d8e79503e54"
  integrity sha512-9aLIalZ2HFHIOZpmVU11sEAS9F8TnHw49daEjcgMpBXHFF57VuT9f9/9LKJhw781Gda0P9jDkuCWJ0tFbErvJw==

esbuild-linux-s390x@0.15.11:
  version "0.15.11"
  resolved "https://registry.yarnpkg.com/esbuild-linux-s390x/-/esbuild-linux-s390x-0.15.11.tgz#e774e0df061b6847d86783bf3c8c4300a72e03ad"
  integrity sha512-sZHtiXXOKsLI3XGBGoYO4qKBzJlb8xNsWmvFiwFMHFzA4AXgDP1KDp7Dawe9C2pavTRBDvl+Ok4n/DHQ59oaTg==

esbuild-netbsd-64@0.15.11:
  version "0.15.11"
  resolved "https://registry.yarnpkg.com/esbuild-netbsd-64/-/esbuild-netbsd-64-0.15.11.tgz#55e265fa4489e3f396b16c81f6f5a11d6ca2a9a4"
  integrity sha512-hUC9yN06K9sg7ju4Vgu9ChAPdsEgtcrcLfyNT5IKwKyfpLvKUwCMZSdF+gRD3WpyZelgTQfJ+pDx5XFbXTlB0A==

esbuild-openbsd-64@0.15.11:
  version "0.15.11"
  resolved "https://registry.yarnpkg.com/esbuild-openbsd-64/-/esbuild-openbsd-64-0.15.11.tgz#bc04103ccfd8c2f2241e1add0b51a095955b73c4"
  integrity sha512-0bBo9SQR4t66Wd91LGMAqmWorzO0TTzVjYiifwoFtel8luFeXuPThQnEm5ztN4g0fnvcp7AnUPPzS/Depf17wQ==

esbuild-sunos-64@0.15.11:
  version "0.15.11"
  resolved "https://registry.yarnpkg.com/esbuild-sunos-64/-/esbuild-sunos-64-0.15.11.tgz#ccd580305d31fde07b5c386da79c942aaf069013"
  integrity sha512-EuBdTGlsMTjEl1sQnBX2jfygy7iR6CKfvOzi+gEOfhDqbHXsmY1dcpbVtcwHAg9/2yUZSfMJHMAgf1z8M4yyyw==

esbuild-windows-32@0.15.11:
  version "0.15.11"
  resolved "https://registry.yarnpkg.com/esbuild-windows-32/-/esbuild-windows-32-0.15.11.tgz#40fe1d48f9b20a76f6db5109aaaf1511aed58c71"
  integrity sha512-O0/Wo1Wk6dc0rZSxkvGpmTNIycEznHmkObTFz2VHBhjPsO4ZpCgfGxNkCpz4AdAIeMczpTXt/8d5vdJNKEGC+Q==

esbuild-windows-64@0.15.11:
  version "0.15.11"
  resolved "https://registry.yarnpkg.com/esbuild-windows-64/-/esbuild-windows-64-0.15.11.tgz#80c58b1ef2ff030c78e3a06e7a922776cc4cb687"
  integrity sha512-x977Q4HhNjnHx00b4XLAnTtj5vfbdEvkxaQwC1Zh5AN8g5EX+izgZ6e5QgqJgpzyRNJqh4hkgIJF1pyy1be0mQ==

esbuild-windows-arm64@0.15.11:
  version "0.15.11"
  resolved "https://registry.yarnpkg.com/esbuild-windows-arm64/-/esbuild-windows-arm64-0.15.11.tgz#018624023b5c3f0cca334cc99f5ef7134d396333"
  integrity sha512-VwUHFACuBahrvntdcMKZteUZ9HaYrBRODoKe4tIWxguQRvvYoYb7iu5LrcRS/FQx8KPZNaa72zuqwVtHeXsITw==

esbuild@^0.15.7:
  version "0.15.11"
  resolved "https://registry.yarnpkg.com/esbuild/-/esbuild-0.15.11.tgz#524d48612a9aa7edc1753c83459cb6fcae0cb66e"
  integrity sha512-OgHGuhlfZ//mToxjte1D5iiiQgWfJ2GByVMwEC/IuoXsBGkuyK1+KrjYu0laSpnN/L1UmLUCv0s25vObdc1bVg==
  optionalDependencies:
    "@esbuild/android-arm" "0.15.11"
    "@esbuild/linux-loong64" "0.15.11"
    esbuild-android-64 "0.15.11"
    esbuild-android-arm64 "0.15.11"
    esbuild-darwin-64 "0.15.11"
    esbuild-darwin-arm64 "0.15.11"
    esbuild-freebsd-64 "0.15.11"
    esbuild-freebsd-arm64 "0.15.11"
    esbuild-linux-32 "0.15.11"
    esbuild-linux-64 "0.15.11"
    esbuild-linux-arm "0.15.11"
    esbuild-linux-arm64 "0.15.11"
    esbuild-linux-mips64le "0.15.11"
    esbuild-linux-ppc64le "0.15.11"
    esbuild-linux-riscv64 "0.15.11"
    esbuild-linux-s390x "0.15.11"
    esbuild-netbsd-64 "0.15.11"
    esbuild-openbsd-64 "0.15.11"
    esbuild-sunos-64 "0.15.11"
    esbuild-windows-32 "0.15.11"
    esbuild-windows-64 "0.15.11"
    esbuild-windows-arm64 "0.15.11"

lit-element@^3.2.0:
  version "3.2.2"
  resolved "https://registry.yarnpkg.com/lit-element/-/lit-element-3.2.2.tgz#d148ab6bf4c53a33f707a5168e087725499e5f2b"
  integrity sha512-6ZgxBR9KNroqKb6+htkyBwD90XGRiqKDHVrW/Eh0EZ+l+iC+u+v+w3/BA5NGi4nizAVHGYvQBHUDuSmLjPp7NQ==
  dependencies:
    "@lit/reactive-element" "^1.3.0"
    lit-html "^2.2.0"

lit-html@^2.2.0, lit-html@^2.4.0:
  version "2.4.0"
  resolved "https://registry.yarnpkg.com/lit-html/-/lit-html-2.4.0.tgz#b510430f39a56ec959167ed1187241a4e3ab1574"
  integrity sha512-G6qXu4JNUpY6aaF2VMfaszhO9hlWw0hOTRFDmuMheg/nDYGB+2RztUSOyrzALAbr8Nh0Y7qjhYkReh3rPnplVg==
  dependencies:
    "@types/trusted-types" "^2.0.2"

lit@^2.0.0, lit@^2.3.1:
  version "2.4.0"
  resolved "https://registry.yarnpkg.com/lit/-/lit-2.4.0.tgz#e33a0f463e17408f6e7f71464e6a266e60a5bb77"
  integrity sha512-fdgzxEtLrZFQU/BqTtxFQCLwlZd9bdat+ltzSFjvWkZrs7eBmeX0L5MHUMb3kYIkuS8Xlfnii/iI5klirF8/Xg==
  dependencies:
    "@lit/reactive-element" "^1.4.0"
    lit-element "^3.2.0"
    lit-html "^2.4.0"

showdown@^2.1.0:
  version "2.1.0"
  resolved "https://registry.yarnpkg.com/showdown/-/showdown-2.1.0.tgz#1251f5ed8f773f0c0c7bfc8e6fd23581f9e545c5"
  integrity sha512-/6NVYu4U819R2pUIk79n67SYgJHWCce0a5xTP979WbNp0FL9MN1I1QK662IDU1b6JzKTvmhgI7T7JYIxBi3kMQ==
  dependencies:
    commander "^9.0.0"

typescript@^4.8.2:
  version "4.8.4"
  resolved "https://registry.yarnpkg.com/typescript/-/typescript-4.8.4.tgz#c464abca159669597be5f96b8943500b238e60e6"
  integrity sha512-QCh+85mCy+h0IGff8r5XWzOVSbBO+KfeYrMQh7NJ58QujwcE22u+NUSmUxqF+un70P9GXKxa2HCNiTTMJknyjQ==
