github.com/apkumar/gox v0.0.0-20220514174555-cb07877be3bf h1:MWyqcj0inZ5TKqBcdmgqkwFQmrOPxS6dgM/5p+2XHFs=
github.com/apkumar/gox v0.0.0-20220514174555-cb07877be3bf/go.mod h1:Y4XlVzOWG4yQY83M7HtGNVJ2tYqcu4oFl15oMFj1NgI=
github.com/apkumar/gox v0.0.0-20220521045346-c0d14dfdbbf0 h1:MZb4unKHbLboHien3sMG8imDcY4gPiwJ8otmw1+CW1I=
github.com/apkumar/gox v0.0.0-20220521045346-c0d14dfdbbf0/go.mod h1:Y4XlVzOWG4yQY83M7HtGNVJ2tYqcu4oFl15oMFj1NgI=
github.com/gorilla/websocket v1.5.0 h1:PPwGk2jz7EePpoHN/+ClbZu8SPxiqlu12wZP/3sWmnc=
github.com/gorilla/websocket v1.5.0/go.mod h1:YR8l580nyteQvAITg2hZ9XVh4b55+EU/adAjf1fMHhE=
